
Microsoft Visual Studio Solution File, Format Version 11.00
# Visual Studio 2010
Project("{2150E333-8FDC-42A3-9474-1A3956D46DE8}") = "A. BT Về Mãng Một Chiều", "A. BT Về Mãng Một Chiều", "{92676768-6762-464F-86DD-A9EEF1306D56}"
EndProject
Project("{2150E333-8FDC-42A3-9474-1A3956D46DE8}") = "I. Kỹ Thuật Nhập Dữ Liệu", "I. Kỹ Thuật Nhập Dữ Liệu", "{86534B1B-B1C6-4B02-AC0A-E0827D1F26DF}"
EndProject
Project("{8BC9CEB8-8B4A-11D0-8D11-00A0C91BC942}") = "Bai01", "Bai01\Bai01.vcxproj", "{4EDB2109-D617-4269-8143-92DB5C992D5F}"
EndProject
Global
	GlobalSection(SolutionConfigurationPlatforms) = preSolution
		Debug|Win32 = Debug|Win32
		Release|Win32 = Release|Win32
	EndGlobalSection
	GlobalSection(ProjectConfigurationPlatforms) = postSolution
		{4EDB2109-D617-4269-8143-92DB5C992D5F}.Debug|Win32.ActiveCfg = Debug|Win32
		{4EDB2109-D617-4269-8143-92DB5C992D5F}.Debug|Win32.Build.0 = Debug|Win32
		{4EDB2109-D617-4269-8143-92DB5C992D5F}.Release|Win32.ActiveCfg = Release|Win32
		{4EDB2109-D617-4269-8143-92DB5C992D5F}.Release|Win32.Build.0 = Release|Win32
	EndGlobalSection
	GlobalSection(SolutionProperties) = preSolution
		HideSolutionNode = FALSE
	EndGlobalSection
	GlobalSection(NestedProjects) = preSolution
		{86534B1B-B1C6-4B02-AC0A-E0827D1F26DF} = {92676768-6762-464F-86DD-A9EEF1306D56}
		{4EDB2109-D617-4269-8143-92DB5C992D5F} = {86534B1B-B1C6-4B02-AC0A-E0827D1F26DF}
	EndGlobalSection
EndGlobal
