
Microsoft Visual Studio Solution File, Format Version 11.00
# Visual Studio 2010
Project("{2150E333-8FDC-42A3-9474-1A3956D46DE8}") = "A. BT Về Mãng Một Chiều", "A. BT Về Mãng Một Chiều", "{92676768-6762-464F-86DD-A9EEF1306D56}"
EndProject
Project("{2150E333-8FDC-42A3-9474-1A3956D46DE8}") = "I. Kỹ Thuật Nhập Dữ Liệu", "I. Kỹ Thuật Nhập Dữ Liệu", "{86534B1B-B1C6-4B02-AC0A-E0827D1F26DF}"
EndProject
Project("{8BC9CEB8-8B4A-11D0-8D11-00A0C91BC942}") = "Bai01", "Bai01\Bai01.vcxproj", "{4EDB2109-D617-4269-8143-92DB5C992D5F}"
EndProject
Project("{8BC9CEB8-8B4A-11D0-8D11-00A0C91BC942}") = "Bai02", "Bai02\Bai02.vcxproj", "{F1DFCB54-AA94-4494-ADA9-E9C5B09DEBA7}"
EndProject
Project("{8BC9CEB8-8B4A-11D0-8D11-00A0C91BC942}") = "Bai03", "Bai03\Bai03.vcxproj", "{AF7838A9-5FA8-4994-A545-1359BC31875D}"
EndProject
Project("{8BC9CEB8-8B4A-11D0-8D11-00A0C91BC942}") = "Bai04", "Bai04\Bai04.vcxproj", "{EB0C8F05-A9B8-461B-9A6C-0F2AB2EFABA4}"
EndProject
Project("{8BC9CEB8-8B4A-11D0-8D11-00A0C91BC942}") = "Bai05", "Bai05\Bai05.vcxproj", "{A6EE72B3-094C-43D5-B4A9-DBD5EAF6F52B}"
EndProject
Project("{8BC9CEB8-8B4A-11D0-8D11-00A0C91BC942}") = "Bai06", "Bai06\Bai06.vcxproj", "{0EEF2F8C-650B-4E5D-958E-320DB6406DD8}"
EndProject
Global
	GlobalSection(SolutionConfigurationPlatforms) = preSolution
		Debug|Win32 = Debug|Win32
		Release|Win32 = Release|Win32
	EndGlobalSection
	GlobalSection(ProjectConfigurationPlatforms) = postSolution
		{4EDB2109-D617-4269-8143-92DB5C992D5F}.Debug|Win32.ActiveCfg = Debug|Win32
		{4EDB2109-D617-4269-8143-92DB5C992D5F}.Debug|Win32.Build.0 = Debug|Win32
		{4EDB2109-D617-4269-8143-92DB5C992D5F}.Release|Win32.ActiveCfg = Release|Win32
		{4EDB2109-D617-4269-8143-92DB5C992D5F}.Release|Win32.Build.0 = Release|Win32
		{F1DFCB54-AA94-4494-ADA9-E9C5B09DEBA7}.Debug|Win32.ActiveCfg = Debug|Win32
		{F1DFCB54-AA94-4494-ADA9-E9C5B09DEBA7}.Debug|Win32.Build.0 = Debug|Win32
		{F1DFCB54-AA94-4494-ADA9-E9C5B09DEBA7}.Release|Win32.ActiveCfg = Release|Win32
		{F1DFCB54-AA94-4494-ADA9-E9C5B09DEBA7}.Release|Win32.Build.0 = Release|Win32
		{AF7838A9-5FA8-4994-A545-1359BC31875D}.Debug|Win32.ActiveCfg = Debug|Win32
		{AF7838A9-5FA8-4994-A545-1359BC31875D}.Debug|Win32.Build.0 = Debug|Win32
		{AF7838A9-5FA8-4994-A545-1359BC31875D}.Release|Win32.ActiveCfg = Release|Win32
		{AF7838A9-5FA8-4994-A545-1359BC31875D}.Release|Win32.Build.0 = Release|Win32
		{EB0C8F05-A9B8-461B-9A6C-0F2AB2EFABA4}.Debug|Win32.ActiveCfg = Debug|Win32
		{EB0C8F05-A9B8-461B-9A6C-0F2AB2EFABA4}.Debug|Win32.Build.0 = Debug|Win32
		{EB0C8F05-A9B8-461B-9A6C-0F2AB2EFABA4}.Release|Win32.ActiveCfg = Release|Win32
		{EB0C8F05-A9B8-461B-9A6C-0F2AB2EFABA4}.Release|Win32.Build.0 = Release|Win32
		{A6EE72B3-094C-43D5-B4A9-DBD5EAF6F52B}.Debug|Win32.ActiveCfg = Debug|Win32
		{A6EE72B3-094C-43D5-B4A9-DBD5EAF6F52B}.Debug|Win32.Build.0 = Debug|Win32
		{A6EE72B3-094C-43D5-B4A9-DBD5EAF6F52B}.Release|Win32.ActiveCfg = Release|Win32
		{A6EE72B3-094C-43D5-B4A9-DBD5EAF6F52B}.Release|Win32.Build.0 = Release|Win32
		{0EEF2F8C-650B-4E5D-958E-320DB6406DD8}.Debug|Win32.ActiveCfg = Debug|Win32
		{0EEF2F8C-650B-4E5D-958E-320DB6406DD8}.Debug|Win32.Build.0 = Debug|Win32
		{0EEF2F8C-650B-4E5D-958E-320DB6406DD8}.Release|Win32.ActiveCfg = Release|Win32
		{0EEF2F8C-650B-4E5D-958E-320DB6406DD8}.Release|Win32.Build.0 = Release|Win32
	EndGlobalSection
	GlobalSection(SolutionProperties) = preSolution
		HideSolutionNode = FALSE
	EndGlobalSection
	GlobalSection(NestedProjects) = preSolution
		{86534B1B-B1C6-4B02-AC0A-E0827D1F26DF} = {92676768-6762-464F-86DD-A9EEF1306D56}
		{4EDB2109-D617-4269-8143-92DB5C992D5F} = {86534B1B-B1C6-4B02-AC0A-E0827D1F26DF}
		{F1DFCB54-AA94-4494-ADA9-E9C5B09DEBA7} = {86534B1B-B1C6-4B02-AC0A-E0827D1F26DF}
		{AF7838A9-5FA8-4994-A545-1359BC31875D} = {86534B1B-B1C6-4B02-AC0A-E0827D1F26DF}
		{EB0C8F05-A9B8-461B-9A6C-0F2AB2EFABA4} = {86534B1B-B1C6-4B02-AC0A-E0827D1F26DF}
		{A6EE72B3-094C-43D5-B4A9-DBD5EAF6F52B} = {86534B1B-B1C6-4B02-AC0A-E0827D1F26DF}
		{0EEF2F8C-650B-4E5D-958E-320DB6406DD8} = {86534B1B-B1C6-4B02-AC0A-E0827D1F26DF}
	EndGlobalSection
EndGlobal
